gitee.com/we-mid/go/bec_http v0.0.0-20240924065140-a2727aea70d9 h1:tr1cgN1kaQcjzCuaoZhIvGKqgolqX58gRaLTN5q8+mY=
gitee.com/we-mid/go/bec_http v0.0.0-20240924065140-a2727aea70d9/go.mod h1:YUSXhMe3X97YLTFAX/Tt77D3Yww9YkanL+n7J8eTiR8=
gitee.com/we-mid/go/mailer v0.0.0-20240924065140-a2727aea70d9 h1:2lJuaaoWv8NtooN6XkhOH681RKYOfBM0KrUPIbPKPpE=
gitee.com/we-mid/go/mailer v0.0.0-20240924065140-a2727aea70d9/go.mod h1:F2IRsBL8zbKIiI9nOnqAglV2U9hT04EMnAxaLwnHKrw=
gitee.com/we-mid/go/ratelimit v0.0.0-20240814094913-e4842229d27c h1:cs/fsav5u7V2GWgrukakaU170b4AyV2r9meISb/3gSE=
gitee.com/we-mid/go/ratelimit v0.0.0-20240814094913-e4842229d27c/go.mod h1:eeFv73NPvjI1J5sik+/mA1yjcluDSW0eebKOSJM7Dw0=
gitee.com/we-mid/go/util v0.0.0-20240924065140-a2727aea70d9 h1:pNW6klfJo+BqhvUqd9dWh6qhmgW49/tk+2OiauogOiI=
gitee.com/we-mid/go/util v0.0.0-20240924065140-a2727aea70d9/go.mod h1:aFYuv8Q+bDgkV2m1EuVv+MP8i1iaDTyjHAAmG+INBrA=
golang.org/x/time v0.5.0 h1:o7cqy6amK/52YcAKIPlM3a+Fpj35zvRj2TP+e1xFSfk=
golang.org/x/time v0.5.0/go.mod h1:3BpzKBy/shNhVucY/MWOyx10tF3SFh9QdLuxbVysPQM=
