gitee.com/we-mid/go/session/v2 v2.0.0-20240924151000-286623e4906f h1:CYQIq/NB00inc6yyBaducKLa/Y/cyK+dTu8zuopKOOs=
gitee.com/we-mid/go/session/v2 v2.0.0-20240924151000-286623e4906f/go.mod h1:fXRdiOTgupyegia/sDO3y/OERV5+N1GDXXxrNo9QPK0=
gitee.com/we-mid/go/util v0.0.0-20240918131137-e86e22a73e87 h1:rdjAE4xFoznwsKUc5CGwZHTCe8wMRSwx2+6trmS8uqc=
gitee.com/we-mid/go/util v0.0.0-20240918131137-e86e22a73e87/go.mod h1:aFYuv8Q+bDgkV2m1EuVv+MP8i1iaDTyjHAAmG+INBrA=
