gitee.com/we-mid/go/session v0.0.0-20240527065232-86e2e7c70169 h1:LyC47TU09LZEDKhm5t+nPtzGaMzSqsiv4x+FJ29mVT0=
gitee.com/we-mid/go/session v0.0.0-20240527065232-86e2e7c70169/go.mod h1:KhbRaj1KcYdNNvgParDZYlUR3DkPXstTsjq6p81yrNc=
gitee.com/we-mid/go/util v0.0.0-20240527065232-86e2e7c70169 h1:hgebAfwNRx2z9mdQAyCugnRlnicEpIN5crWv5eLmwws=
gitee.com/we-mid/go/util v0.0.0-20240527065232-86e2e7c70169/go.mod h1:aFYuv8Q+bDgkV2m1EuVv+MP8i1iaDTyjHAAmG+INBrA=
